
Microsoft Visual Studio Solution File, Format Version 12.00
# Visual Studio Version 17
VisualStudioVersion = 17.9.34728.123
MinimumVisualStudioVersion = 10.0.40219.1
Project("{8BC9CEB8-8B4A-11D0-8D11-00A0C91BC942}") = "LearnOpenGL1", "builds\LearnOpenGL1\LearnOpenGL1\LearnOpenGL1.vcxproj", "{958746D1-66C9-4B59-A77A-DF422F7A7A82}"
EndProject
Project("{2150E333-8FDC-42A3-9474-1A3956D46DE8}") = "RenderMeshs", "RenderMeshs", "{1A62446F-9A99-4669-AC58-7AF490556B0F}"
EndProject
Project("{8BC9CEB8-8B4A-11D0-8D11-00A0C91BC942}") = "RenderAlienAnimal", "builds\RenderMeshs\RenderAlienAnimal\RenderAlienAnimal.vcxproj", "{1A82BAF2-F834-458B-BC6A-2D87D27CECB0}"
EndProject
Project("{2150E333-8FDC-42A3-9474-1A3956D46DE8}") = "DepthTesting", "DepthTesting", "{267EE9EA-32F2-4AE9-AF13-AF5A33CAE453}"
EndProject
Project("{8BC9CEB8-8B4A-11D0-8D11-00A0C91BC942}") = "DepthTesting", "builds\DepthTesting\DepthTesting\DepthTesting.vcxproj", "{0D4D067E-8D48-4336-94C4-5814AEC61644}"
EndProject
Project("{2150E333-8FDC-42A3-9474-1A3956D46DE8}") = "StencilTesting", "StencilTesting", "{DB82AE7B-7871-4673-9828-DBF84B17564E}"
EndProject
Project("{8BC9CEB8-8B4A-11D0-8D11-00A0C91BC942}") = "ObjectOutlining", "builds\StencilTesting\ObjectOutlining\ObjectOutlining.vcxproj", "{1C606D0C-0D10-4481-9CDE-345B6593220C}"
EndProject
Project("{2150E333-8FDC-42A3-9474-1A3956D46DE8}") = "Blending", "Blending", "{5A8BE310-F2B4-4FFD-8596-B419CD90A5AC}"
EndProject
Project("{8BC9CEB8-8B4A-11D0-8D11-00A0C91BC942}") = "Grass", "builds\Blending\Grass\Grass.vcxproj", "{FF65BF2B-8BC4-4693-86C0-342B6CE182A1}"
EndProject
Project("{8BC9CEB8-8B4A-11D0-8D11-00A0C91BC942}") = "BlendingTransparent", "builds\Blending\BlendingTransparent\BlendingTransparent.vcxproj", "{F9258B6D-7414-4E11-A85D-BA389B2E3496}"
EndProject
Project("{2150E333-8FDC-42A3-9474-1A3956D46DE8}") = "FaceCulling", "FaceCulling", "{26A7F9F6-AC34-4C94-91F1-FAF5BE606514}"
EndProject
Project("{8BC9CEB8-8B4A-11D0-8D11-00A0C91BC942}") = "FaceCulling", "builds\FaceCulling\FaceCulling\FaceCulling.vcxproj", "{50524CD4-1975-4EE7-B1BD-AA90367D8DC6}"
EndProject
Project("{2150E333-8FDC-42A3-9474-1A3956D46DE8}") = "CubeMaps", "CubeMaps", "{1102DF79-6AA4-4EE8-BA8D-D65229337EE9}"
EndProject
Project("{8BC9CEB8-8B4A-11D0-8D11-00A0C91BC942}") = "SkyBox", "builds\CubeMaps\SkyBox\SkyBox.vcxproj", "{4847468B-703A-4118-B29B-505AFC71AFD2}"
EndProject
Project("{8BC9CEB8-8B4A-11D0-8D11-00A0C91BC942}") = "EnvironmentMapping", "builds\CubeMaps\EnvironmentMapping\EnvironmentMapping.vcxproj", "{E684A9CE-E902-4F84-832D-BDBC8CEE2ABD}"
EndProject
Project("{8BC9CEB8-8B4A-11D0-8D11-00A0C91BC942}") = "ReflectionMap", "builds\CubeMaps\ReflectionMap\ReflectionMap.vcxproj", "{DFC4E2A6-F8AB-4FCB-9EB8-79198FD694B2}"
EndProject
Project("{8BC9CEB8-8B4A-11D0-8D11-00A0C91BC942}") = "RefractionMap", "builds\CubeMaps\RefractionMap\RefractionMap.vcxproj", "{6C751302-8688-466F-A764-671EFC246B39}"
EndProject
Project("{2150E333-8FDC-42A3-9474-1A3956D46DE8}") = "Framebuffers", "Framebuffers", "{B9D35144-5EF2-4A5F-B6C7-868369385882}"
EndProject
Project("{8BC9CEB8-8B4A-11D0-8D11-00A0C91BC942}") = "Framebuffers", "builds\Framebuffers\Framebuffers\Framebuffers.vcxproj", "{EFFCFAFA-43CA-4474-AB95-4C777CFF5D7A}"
EndProject
Project("{8BC9CEB8-8B4A-11D0-8D11-00A0C91BC942}") = "FramebufferInverted", "builds\Framebuffers\FramebufferInverted\FramebufferInverted.vcxproj", "{EE8BFAE9-F3F4-4990-8C6E-2217712A68D7}"
EndProject
Project("{8BC9CEB8-8B4A-11D0-8D11-00A0C91BC942}") = "FramebufferGrayscale", "builds\Framebuffers\FramebufferGrayscale\FramebufferGrayscale.vcxproj", "{C5E44AA3-463E-49E4-B766-57088F27F966}"
EndProject
Project("{8BC9CEB8-8B4A-11D0-8D11-00A0C91BC942}") = "FramebufferKernel", "builds\Framebuffers\FramebufferKernel\FramebufferKernel.vcxproj", "{6DBD74DD-349B-4EC7-92DB-A36D630F09CD}"
EndProject
Project("{8BC9CEB8-8B4A-11D0-8D11-00A0C91BC942}") = "FramebufferBlur", "builds\Framebuffers\FramebufferBlur\FramebufferBlur.vcxproj", "{B8521BDC-4CB9-46C3-AE79-8E662740422E}"
EndProject
Project("{2150E333-8FDC-42A3-9474-1A3956D46DE8}") = "AdvancedGLSL", "AdvancedGLSL", "{D8B87777-C065-43B1-8ADF-74894E9EACAA}"
EndProject
Project("{8BC9CEB8-8B4A-11D0-8D11-00A0C91BC942}") = "GLSLPointSize", "builds\AdvancedGLSL\GLSLPointSize\GLSLPointSize.vcxproj", "{8169C397-7FFB-4463-9E44-15C0C4CEC449}"
EndProject
Project("{8BC9CEB8-8B4A-11D0-8D11-00A0C91BC942}") = "GLSLFragCoord", "builds\AdvancedGLSL\GLSLFragCoord\GLSLFragCoord.vcxproj", "{4503A4F2-2DB1-44D6-AD06-D2793A8FF9D0}"
EndProject
Project("{8BC9CEB8-8B4A-11D0-8D11-00A0C91BC942}") = "GLSLFrontFacing", "builds\AdvancedGLSL\GLSLFrontFacing\GLSLFrontFacing.vcxproj", "{C353FD03-6258-431A-B338-EFCF52B33131}"
EndProject
Global
	GlobalSection(SolutionConfigurationPlatforms) = preSolution
		Debug|x64 = Debug|x64
		Debug|x86 = Debug|x86
		Release|x64 = Release|x64
		Release|x86 = Release|x86
	EndGlobalSection
	GlobalSection(ProjectConfigurationPlatforms) = postSolution
		{958746D1-66C9-4B59-A77A-DF422F7A7A82}.Debug|x64.ActiveCfg = Debug|x64
		{958746D1-66C9-4B59-A77A-DF422F7A7A82}.Debug|x64.Build.0 = Debug|x64
		{958746D1-66C9-4B59-A77A-DF422F7A7A82}.Debug|x86.ActiveCfg = Debug|Win32
		{958746D1-66C9-4B59-A77A-DF422F7A7A82}.Debug|x86.Build.0 = Debug|Win32
		{958746D1-66C9-4B59-A77A-DF422F7A7A82}.Release|x64.ActiveCfg = Release|x64
		{958746D1-66C9-4B59-A77A-DF422F7A7A82}.Release|x64.Build.0 = Release|x64
		{958746D1-66C9-4B59-A77A-DF422F7A7A82}.Release|x86.ActiveCfg = Release|Win32
		{958746D1-66C9-4B59-A77A-DF422F7A7A82}.Release|x86.Build.0 = Release|Win32
		{1A82BAF2-F834-458B-BC6A-2D87D27CECB0}.Debug|x64.ActiveCfg = Debug|x64
		{1A82BAF2-F834-458B-BC6A-2D87D27CECB0}.Debug|x64.Build.0 = Debug|x64
		{1A82BAF2-F834-458B-BC6A-2D87D27CECB0}.Debug|x86.ActiveCfg = Debug|Win32
		{1A82BAF2-F834-458B-BC6A-2D87D27CECB0}.Debug|x86.Build.0 = Debug|Win32
		{1A82BAF2-F834-458B-BC6A-2D87D27CECB0}.Release|x64.ActiveCfg = Release|x64
		{1A82BAF2-F834-458B-BC6A-2D87D27CECB0}.Release|x64.Build.0 = Release|x64
		{1A82BAF2-F834-458B-BC6A-2D87D27CECB0}.Release|x86.ActiveCfg = Release|Win32
		{1A82BAF2-F834-458B-BC6A-2D87D27CECB0}.Release|x86.Build.0 = Release|Win32
		{0D4D067E-8D48-4336-94C4-5814AEC61644}.Debug|x64.ActiveCfg = Debug|x64
		{0D4D067E-8D48-4336-94C4-5814AEC61644}.Debug|x64.Build.0 = Debug|x64
		{0D4D067E-8D48-4336-94C4-5814AEC61644}.Debug|x86.ActiveCfg = Debug|Win32
		{0D4D067E-8D48-4336-94C4-5814AEC61644}.Debug|x86.Build.0 = Debug|Win32
		{0D4D067E-8D48-4336-94C4-5814AEC61644}.Release|x64.ActiveCfg = Release|x64
		{0D4D067E-8D48-4336-94C4-5814AEC61644}.Release|x64.Build.0 = Release|x64
		{0D4D067E-8D48-4336-94C4-5814AEC61644}.Release|x86.ActiveCfg = Release|Win32
		{0D4D067E-8D48-4336-94C4-5814AEC61644}.Release|x86.Build.0 = Release|Win32
		{1C606D0C-0D10-4481-9CDE-345B6593220C}.Debug|x64.ActiveCfg = Debug|x64
		{1C606D0C-0D10-4481-9CDE-345B6593220C}.Debug|x64.Build.0 = Debug|x64
		{1C606D0C-0D10-4481-9CDE-345B6593220C}.Debug|x86.ActiveCfg = Debug|Win32
		{1C606D0C-0D10-4481-9CDE-345B6593220C}.Debug|x86.Build.0 = Debug|Win32
		{1C606D0C-0D10-4481-9CDE-345B6593220C}.Release|x64.ActiveCfg = Release|x64
		{1C606D0C-0D10-4481-9CDE-345B6593220C}.Release|x64.Build.0 = Release|x64
		{1C606D0C-0D10-4481-9CDE-345B6593220C}.Release|x86.ActiveCfg = Release|Win32
		{1C606D0C-0D10-4481-9CDE-345B6593220C}.Release|x86.Build.0 = Release|Win32
		{FF65BF2B-8BC4-4693-86C0-342B6CE182A1}.Debug|x64.ActiveCfg = Debug|x64
		{FF65BF2B-8BC4-4693-86C0-342B6CE182A1}.Debug|x64.Build.0 = Debug|x64
		{FF65BF2B-8BC4-4693-86C0-342B6CE182A1}.Debug|x86.ActiveCfg = Debug|Win32
		{FF65BF2B-8BC4-4693-86C0-342B6CE182A1}.Debug|x86.Build.0 = Debug|Win32
		{FF65BF2B-8BC4-4693-86C0-342B6CE182A1}.Release|x64.ActiveCfg = Release|x64
		{FF65BF2B-8BC4-4693-86C0-342B6CE182A1}.Release|x64.Build.0 = Release|x64
		{FF65BF2B-8BC4-4693-86C0-342B6CE182A1}.Release|x86.ActiveCfg = Release|Win32
		{FF65BF2B-8BC4-4693-86C0-342B6CE182A1}.Release|x86.Build.0 = Release|Win32
		{F9258B6D-7414-4E11-A85D-BA389B2E3496}.Debug|x64.ActiveCfg = Debug|x64
		{F9258B6D-7414-4E11-A85D-BA389B2E3496}.Debug|x64.Build.0 = Debug|x64
		{F9258B6D-7414-4E11-A85D-BA389B2E3496}.Debug|x86.ActiveCfg = Debug|Win32
		{F9258B6D-7414-4E11-A85D-BA389B2E3496}.Debug|x86.Build.0 = Debug|Win32
		{F9258B6D-7414-4E11-A85D-BA389B2E3496}.Release|x64.ActiveCfg = Release|x64
		{F9258B6D-7414-4E11-A85D-BA389B2E3496}.Release|x64.Build.0 = Release|x64
		{F9258B6D-7414-4E11-A85D-BA389B2E3496}.Release|x86.ActiveCfg = Release|Win32
		{F9258B6D-7414-4E11-A85D-BA389B2E3496}.Release|x86.Build.0 = Release|Win32
		{50524CD4-1975-4EE7-B1BD-AA90367D8DC6}.Debug|x64.ActiveCfg = Debug|x64
		{50524CD4-1975-4EE7-B1BD-AA90367D8DC6}.Debug|x64.Build.0 = Debug|x64
		{50524CD4-1975-4EE7-B1BD-AA90367D8DC6}.Debug|x86.ActiveCfg = Debug|Win32
		{50524CD4-1975-4EE7-B1BD-AA90367D8DC6}.Debug|x86.Build.0 = Debug|Win32
		{50524CD4-1975-4EE7-B1BD-AA90367D8DC6}.Release|x64.ActiveCfg = Release|x64
		{50524CD4-1975-4EE7-B1BD-AA90367D8DC6}.Release|x64.Build.0 = Release|x64
		{50524CD4-1975-4EE7-B1BD-AA90367D8DC6}.Release|x86.ActiveCfg = Release|Win32
		{50524CD4-1975-4EE7-B1BD-AA90367D8DC6}.Release|x86.Build.0 = Release|Win32
		{4847468B-703A-4118-B29B-505AFC71AFD2}.Debug|x64.ActiveCfg = Debug|x64
		{4847468B-703A-4118-B29B-505AFC71AFD2}.Debug|x64.Build.0 = Debug|x64
		{4847468B-703A-4118-B29B-505AFC71AFD2}.Debug|x86.ActiveCfg = Debug|Win32
		{4847468B-703A-4118-B29B-505AFC71AFD2}.Debug|x86.Build.0 = Debug|Win32
		{4847468B-703A-4118-B29B-505AFC71AFD2}.Release|x64.ActiveCfg = Release|x64
		{4847468B-703A-4118-B29B-505AFC71AFD2}.Release|x64.Build.0 = Release|x64
		{4847468B-703A-4118-B29B-505AFC71AFD2}.Release|x86.ActiveCfg = Release|Win32
		{4847468B-703A-4118-B29B-505AFC71AFD2}.Release|x86.Build.0 = Release|Win32
		{E684A9CE-E902-4F84-832D-BDBC8CEE2ABD}.Debug|x64.ActiveCfg = Debug|x64
		{E684A9CE-E902-4F84-832D-BDBC8CEE2ABD}.Debug|x64.Build.0 = Debug|x64
		{E684A9CE-E902-4F84-832D-BDBC8CEE2ABD}.Debug|x86.ActiveCfg = Debug|Win32
		{E684A9CE-E902-4F84-832D-BDBC8CEE2ABD}.Debug|x86.Build.0 = Debug|Win32
		{E684A9CE-E902-4F84-832D-BDBC8CEE2ABD}.Release|x64.ActiveCfg = Release|x64
		{E684A9CE-E902-4F84-832D-BDBC8CEE2ABD}.Release|x64.Build.0 = Release|x64
		{E684A9CE-E902-4F84-832D-BDBC8CEE2ABD}.Release|x86.ActiveCfg = Release|Win32
		{E684A9CE-E902-4F84-832D-BDBC8CEE2ABD}.Release|x86.Build.0 = Release|Win32
		{DFC4E2A6-F8AB-4FCB-9EB8-79198FD694B2}.Debug|x64.ActiveCfg = Debug|x64
		{DFC4E2A6-F8AB-4FCB-9EB8-79198FD694B2}.Debug|x64.Build.0 = Debug|x64
		{DFC4E2A6-F8AB-4FCB-9EB8-79198FD694B2}.Debug|x86.ActiveCfg = Debug|Win32
		{DFC4E2A6-F8AB-4FCB-9EB8-79198FD694B2}.Debug|x86.Build.0 = Debug|Win32
		{DFC4E2A6-F8AB-4FCB-9EB8-79198FD694B2}.Release|x64.ActiveCfg = Release|x64
		{DFC4E2A6-F8AB-4FCB-9EB8-79198FD694B2}.Release|x64.Build.0 = Release|x64
		{DFC4E2A6-F8AB-4FCB-9EB8-79198FD694B2}.Release|x86.ActiveCfg = Release|Win32
		{DFC4E2A6-F8AB-4FCB-9EB8-79198FD694B2}.Release|x86.Build.0 = Release|Win32
		{6C751302-8688-466F-A764-671EFC246B39}.Debug|x64.ActiveCfg = Debug|x64
		{6C751302-8688-466F-A764-671EFC246B39}.Debug|x64.Build.0 = Debug|x64
		{6C751302-8688-466F-A764-671EFC246B39}.Debug|x86.ActiveCfg = Debug|Win32
		{6C751302-8688-466F-A764-671EFC246B39}.Debug|x86.Build.0 = Debug|Win32
		{6C751302-8688-466F-A764-671EFC246B39}.Release|x64.ActiveCfg = Release|x64
		{6C751302-8688-466F-A764-671EFC246B39}.Release|x64.Build.0 = Release|x64
		{6C751302-8688-466F-A764-671EFC246B39}.Release|x86.ActiveCfg = Release|Win32
		{6C751302-8688-466F-A764-671EFC246B39}.Release|x86.Build.0 = Release|Win32
		{EFFCFAFA-43CA-4474-AB95-4C777CFF5D7A}.Debug|x64.ActiveCfg = Debug|x64
		{EFFCFAFA-43CA-4474-AB95-4C777CFF5D7A}.Debug|x64.Build.0 = Debug|x64
		{EFFCFAFA-43CA-4474-AB95-4C777CFF5D7A}.Debug|x86.ActiveCfg = Debug|Win32
		{EFFCFAFA-43CA-4474-AB95-4C777CFF5D7A}.Debug|x86.Build.0 = Debug|Win32
		{EFFCFAFA-43CA-4474-AB95-4C777CFF5D7A}.Release|x64.ActiveCfg = Release|x64
		{EFFCFAFA-43CA-4474-AB95-4C777CFF5D7A}.Release|x64.Build.0 = Release|x64
		{EFFCFAFA-43CA-4474-AB95-4C777CFF5D7A}.Release|x86.ActiveCfg = Release|Win32
		{EFFCFAFA-43CA-4474-AB95-4C777CFF5D7A}.Release|x86.Build.0 = Release|Win32
		{EE8BFAE9-F3F4-4990-8C6E-2217712A68D7}.Debug|x64.ActiveCfg = Debug|x64
		{EE8BFAE9-F3F4-4990-8C6E-2217712A68D7}.Debug|x64.Build.0 = Debug|x64
		{EE8BFAE9-F3F4-4990-8C6E-2217712A68D7}.Debug|x86.ActiveCfg = Debug|Win32
		{EE8BFAE9-F3F4-4990-8C6E-2217712A68D7}.Debug|x86.Build.0 = Debug|Win32
		{EE8BFAE9-F3F4-4990-8C6E-2217712A68D7}.Release|x64.ActiveCfg = Release|x64
		{EE8BFAE9-F3F4-4990-8C6E-2217712A68D7}.Release|x64.Build.0 = Release|x64
		{EE8BFAE9-F3F4-4990-8C6E-2217712A68D7}.Release|x86.ActiveCfg = Release|Win32
		{EE8BFAE9-F3F4-4990-8C6E-2217712A68D7}.Release|x86.Build.0 = Release|Win32
		{C5E44AA3-463E-49E4-B766-57088F27F966}.Debug|x64.ActiveCfg = Debug|x64
		{C5E44AA3-463E-49E4-B766-57088F27F966}.Debug|x64.Build.0 = Debug|x64
		{C5E44AA3-463E-49E4-B766-57088F27F966}.Debug|x86.ActiveCfg = Debug|Win32
		{C5E44AA3-463E-49E4-B766-57088F27F966}.Debug|x86.Build.0 = Debug|Win32
		{C5E44AA3-463E-49E4-B766-57088F27F966}.Release|x64.ActiveCfg = Release|x64
		{C5E44AA3-463E-49E4-B766-57088F27F966}.Release|x64.Build.0 = Release|x64
		{C5E44AA3-463E-49E4-B766-57088F27F966}.Release|x86.ActiveCfg = Release|Win32
		{C5E44AA3-463E-49E4-B766-57088F27F966}.Release|x86.Build.0 = Release|Win32
		{6DBD74DD-349B-4EC7-92DB-A36D630F09CD}.Debug|x64.ActiveCfg = Debug|x64
		{6DBD74DD-349B-4EC7-92DB-A36D630F09CD}.Debug|x64.Build.0 = Debug|x64
		{6DBD74DD-349B-4EC7-92DB-A36D630F09CD}.Debug|x86.ActiveCfg = Debug|Win32
		{6DBD74DD-349B-4EC7-92DB-A36D630F09CD}.Debug|x86.Build.0 = Debug|Win32
		{6DBD74DD-349B-4EC7-92DB-A36D630F09CD}.Release|x64.ActiveCfg = Release|x64
		{6DBD74DD-349B-4EC7-92DB-A36D630F09CD}.Release|x64.Build.0 = Release|x64
		{6DBD74DD-349B-4EC7-92DB-A36D630F09CD}.Release|x86.ActiveCfg = Release|Win32
		{6DBD74DD-349B-4EC7-92DB-A36D630F09CD}.Release|x86.Build.0 = Release|Win32
		{B8521BDC-4CB9-46C3-AE79-8E662740422E}.Debug|x64.ActiveCfg = Debug|x64
		{B8521BDC-4CB9-46C3-AE79-8E662740422E}.Debug|x64.Build.0 = Debug|x64
		{B8521BDC-4CB9-46C3-AE79-8E662740422E}.Debug|x86.ActiveCfg = Debug|Win32
		{B8521BDC-4CB9-46C3-AE79-8E662740422E}.Debug|x86.Build.0 = Debug|Win32
		{B8521BDC-4CB9-46C3-AE79-8E662740422E}.Release|x64.ActiveCfg = Release|x64
		{B8521BDC-4CB9-46C3-AE79-8E662740422E}.Release|x64.Build.0 = Release|x64
		{B8521BDC-4CB9-46C3-AE79-8E662740422E}.Release|x86.ActiveCfg = Release|Win32
		{B8521BDC-4CB9-46C3-AE79-8E662740422E}.Release|x86.Build.0 = Release|Win32
		{8169C397-7FFB-4463-9E44-15C0C4CEC449}.Debug|x64.ActiveCfg = Debug|x64
		{8169C397-7FFB-4463-9E44-15C0C4CEC449}.Debug|x64.Build.0 = Debug|x64
		{8169C397-7FFB-4463-9E44-15C0C4CEC449}.Debug|x86.ActiveCfg = Debug|Win32
		{8169C397-7FFB-4463-9E44-15C0C4CEC449}.Debug|x86.Build.0 = Debug|Win32
		{8169C397-7FFB-4463-9E44-15C0C4CEC449}.Release|x64.ActiveCfg = Release|x64
		{8169C397-7FFB-4463-9E44-15C0C4CEC449}.Release|x64.Build.0 = Release|x64
		{8169C397-7FFB-4463-9E44-15C0C4CEC449}.Release|x86.ActiveCfg = Release|Win32
		{8169C397-7FFB-4463-9E44-15C0C4CEC449}.Release|x86.Build.0 = Release|Win32
		{4503A4F2-2DB1-44D6-AD06-D2793A8FF9D0}.Debug|x64.ActiveCfg = Debug|x64
		{4503A4F2-2DB1-44D6-AD06-D2793A8FF9D0}.Debug|x64.Build.0 = Debug|x64
		{4503A4F2-2DB1-44D6-AD06-D2793A8FF9D0}.Debug|x86.ActiveCfg = Debug|Win32
		{4503A4F2-2DB1-44D6-AD06-D2793A8FF9D0}.Debug|x86.Build.0 = Debug|Win32
		{4503A4F2-2DB1-44D6-AD06-D2793A8FF9D0}.Release|x64.ActiveCfg = Release|x64
		{4503A4F2-2DB1-44D6-AD06-D2793A8FF9D0}.Release|x64.Build.0 = Release|x64
		{4503A4F2-2DB1-44D6-AD06-D2793A8FF9D0}.Release|x86.ActiveCfg = Release|Win32
		{4503A4F2-2DB1-44D6-AD06-D2793A8FF9D0}.Release|x86.Build.0 = Release|Win32
		{C353FD03-6258-431A-B338-EFCF52B33131}.Debug|x64.ActiveCfg = Debug|x64
		{C353FD03-6258-431A-B338-EFCF52B33131}.Debug|x64.Build.0 = Debug|x64
		{C353FD03-6258-431A-B338-EFCF52B33131}.Debug|x86.ActiveCfg = Debug|Win32
		{C353FD03-6258-431A-B338-EFCF52B33131}.Debug|x86.Build.0 = Debug|Win32
		{C353FD03-6258-431A-B338-EFCF52B33131}.Release|x64.ActiveCfg = Release|x64
		{C353FD03-6258-431A-B338-EFCF52B33131}.Release|x64.Build.0 = Release|x64
		{C353FD03-6258-431A-B338-EFCF52B33131}.Release|x86.ActiveCfg = Release|Win32
		{C353FD03-6258-431A-B338-EFCF52B33131}.Release|x86.Build.0 = Release|Win32
	EndGlobalSection
	GlobalSection(SolutionProperties) = preSolution
		HideSolutionNode = FALSE
	EndGlobalSection
	GlobalSection(NestedProjects) = preSolution
		{1A82BAF2-F834-458B-BC6A-2D87D27CECB0} = {1A62446F-9A99-4669-AC58-7AF490556B0F}
		{0D4D067E-8D48-4336-94C4-5814AEC61644} = {267EE9EA-32F2-4AE9-AF13-AF5A33CAE453}
		{1C606D0C-0D10-4481-9CDE-345B6593220C} = {DB82AE7B-7871-4673-9828-DBF84B17564E}
		{FF65BF2B-8BC4-4693-86C0-342B6CE182A1} = {5A8BE310-F2B4-4FFD-8596-B419CD90A5AC}
		{F9258B6D-7414-4E11-A85D-BA389B2E3496} = {5A8BE310-F2B4-4FFD-8596-B419CD90A5AC}
		{50524CD4-1975-4EE7-B1BD-AA90367D8DC6} = {26A7F9F6-AC34-4C94-91F1-FAF5BE606514}
		{4847468B-703A-4118-B29B-505AFC71AFD2} = {1102DF79-6AA4-4EE8-BA8D-D65229337EE9}
		{E684A9CE-E902-4F84-832D-BDBC8CEE2ABD} = {1102DF79-6AA4-4EE8-BA8D-D65229337EE9}
		{DFC4E2A6-F8AB-4FCB-9EB8-79198FD694B2} = {1102DF79-6AA4-4EE8-BA8D-D65229337EE9}
		{6C751302-8688-466F-A764-671EFC246B39} = {1102DF79-6AA4-4EE8-BA8D-D65229337EE9}
		{EFFCFAFA-43CA-4474-AB95-4C777CFF5D7A} = {B9D35144-5EF2-4A5F-B6C7-868369385882}
		{EE8BFAE9-F3F4-4990-8C6E-2217712A68D7} = {B9D35144-5EF2-4A5F-B6C7-868369385882}
		{C5E44AA3-463E-49E4-B766-57088F27F966} = {B9D35144-5EF2-4A5F-B6C7-868369385882}
		{6DBD74DD-349B-4EC7-92DB-A36D630F09CD} = {B9D35144-5EF2-4A5F-B6C7-868369385882}
		{B8521BDC-4CB9-46C3-AE79-8E662740422E} = {B9D35144-5EF2-4A5F-B6C7-868369385882}
		{8169C397-7FFB-4463-9E44-15C0C4CEC449} = {D8B87777-C065-43B1-8ADF-74894E9EACAA}
		{4503A4F2-2DB1-44D6-AD06-D2793A8FF9D0} = {D8B87777-C065-43B1-8ADF-74894E9EACAA}
		{C353FD03-6258-431A-B338-EFCF52B33131} = {D8B87777-C065-43B1-8ADF-74894E9EACAA}
	EndGlobalSection
	GlobalSection(ExtensibilityGlobals) = postSolution
		SolutionGuid = {F014E72B-CF6F-4B5C-86CF-7B6CFEE27617}
	EndGlobalSection
EndGlobal
