
Microsoft Visual Studio Solution File, Format Version 12.00
# Visual Studio Version 17
VisualStudioVersion = 17.9.34728.123
MinimumVisualStudioVersion = 10.0.40219.1
Project("{8BC9CEB8-8B4A-11D0-8D11-00A0C91BC942}") = "LearnOpenGL1", "builds\LearnOpenGL1\LearnOpenGL1\LearnOpenGL1.vcxproj", "{958746D1-66C9-4B59-A77A-DF422F7A7A82}"
EndProject
Project("{2150E333-8FDC-42A3-9474-1A3956D46DE8}") = "RenderMeshs", "RenderMeshs", "{1A62446F-9A99-4669-AC58-7AF490556B0F}"
EndProject
Project("{8BC9CEB8-8B4A-11D0-8D11-00A0C91BC942}") = "RenderAlienAnimal", "builds\RenderMeshs\RenderAlienAnimal\RenderAlienAnimal.vcxproj", "{1A82BAF2-F834-458B-BC6A-2D87D27CECB0}"
EndProject
Project("{2150E333-8FDC-42A3-9474-1A3956D46DE8}") = "DepthTesting", "DepthTesting", "{267EE9EA-32F2-4AE9-AF13-AF5A33CAE453}"
EndProject
Project("{8BC9CEB8-8B4A-11D0-8D11-00A0C91BC942}") = "DepthTesting", "builds\DepthTesting\DepthTesting\DepthTesting.vcxproj", "{0D4D067E-8D48-4336-94C4-5814AEC61644}"
EndProject
Project("{2150E333-8FDC-42A3-9474-1A3956D46DE8}") = "StencilTesting", "StencilTesting", "{DB82AE7B-7871-4673-9828-DBF84B17564E}"
EndProject
Project("{8BC9CEB8-8B4A-11D0-8D11-00A0C91BC942}") = "ObjectOutlining", "builds\StencilTesting\ObjectOutlining\ObjectOutlining.vcxproj", "{1C606D0C-0D10-4481-9CDE-345B6593220C}"
EndProject
Project("{2150E333-8FDC-42A3-9474-1A3956D46DE8}") = "Blending", "Blending", "{5A8BE310-F2B4-4FFD-8596-B419CD90A5AC}"
EndProject
Project("{8BC9CEB8-8B4A-11D0-8D11-00A0C91BC942}") = "Grass", "builds\Blending\Grass\Grass.vcxproj", "{FF65BF2B-8BC4-4693-86C0-342B6CE182A1}"
EndProject
Project("{8BC9CEB8-8B4A-11D0-8D11-00A0C91BC942}") = "BlendingTransparent", "builds\Blending\BlendingTransparent\BlendingTransparent.vcxproj", "{F9258B6D-7414-4E11-A85D-BA389B2E3496}"
EndProject
Project("{2150E333-8FDC-42A3-9474-1A3956D46DE8}") = "FaceCulling", "FaceCulling", "{26A7F9F6-AC34-4C94-91F1-FAF5BE606514}"
EndProject
Project("{8BC9CEB8-8B4A-11D0-8D11-00A0C91BC942}") = "FaceCulling", "builds\FaceCulling\FaceCulling\FaceCulling.vcxproj", "{50524CD4-1975-4EE7-B1BD-AA90367D8DC6}"
EndProject
Global
	GlobalSection(SolutionConfigurationPlatforms) = preSolution
		Debug|x64 = Debug|x64
		Debug|x86 = Debug|x86
		Release|x64 = Release|x64
		Release|x86 = Release|x86
	EndGlobalSection
	GlobalSection(ProjectConfigurationPlatforms) = postSolution
		{958746D1-66C9-4B59-A77A-DF422F7A7A82}.Debug|x64.ActiveCfg = Debug|x64
		{958746D1-66C9-4B59-A77A-DF422F7A7A82}.Debug|x64.Build.0 = Debug|x64
		{958746D1-66C9-4B59-A77A-DF422F7A7A82}.Debug|x86.ActiveCfg = Debug|Win32
		{958746D1-66C9-4B59-A77A-DF422F7A7A82}.Debug|x86.Build.0 = Debug|Win32
		{958746D1-66C9-4B59-A77A-DF422F7A7A82}.Release|x64.ActiveCfg = Release|x64
		{958746D1-66C9-4B59-A77A-DF422F7A7A82}.Release|x64.Build.0 = Release|x64
		{958746D1-66C9-4B59-A77A-DF422F7A7A82}.Release|x86.ActiveCfg = Release|Win32
		{958746D1-66C9-4B59-A77A-DF422F7A7A82}.Release|x86.Build.0 = Release|Win32
		{1A82BAF2-F834-458B-BC6A-2D87D27CECB0}.Debug|x64.ActiveCfg = Debug|x64
		{1A82BAF2-F834-458B-BC6A-2D87D27CECB0}.Debug|x64.Build.0 = Debug|x64
		{1A82BAF2-F834-458B-BC6A-2D87D27CECB0}.Debug|x86.ActiveCfg = Debug|Win32
		{1A82BAF2-F834-458B-BC6A-2D87D27CECB0}.Debug|x86.Build.0 = Debug|Win32
		{1A82BAF2-F834-458B-BC6A-2D87D27CECB0}.Release|x64.ActiveCfg = Release|x64
		{1A82BAF2-F834-458B-BC6A-2D87D27CECB0}.Release|x64.Build.0 = Release|x64
		{1A82BAF2-F834-458B-BC6A-2D87D27CECB0}.Release|x86.ActiveCfg = Release|Win32
		{1A82BAF2-F834-458B-BC6A-2D87D27CECB0}.Release|x86.Build.0 = Release|Win32
		{0D4D067E-8D48-4336-94C4-5814AEC61644}.Debug|x64.ActiveCfg = Debug|x64
		{0D4D067E-8D48-4336-94C4-5814AEC61644}.Debug|x64.Build.0 = Debug|x64
		{0D4D067E-8D48-4336-94C4-5814AEC61644}.Debug|x86.ActiveCfg = Debug|Win32
		{0D4D067E-8D48-4336-94C4-5814AEC61644}.Debug|x86.Build.0 = Debug|Win32
		{0D4D067E-8D48-4336-94C4-5814AEC61644}.Release|x64.ActiveCfg = Release|x64
		{0D4D067E-8D48-4336-94C4-5814AEC61644}.Release|x64.Build.0 = Release|x64
		{0D4D067E-8D48-4336-94C4-5814AEC61644}.Release|x86.ActiveCfg = Release|Win32
		{0D4D067E-8D48-4336-94C4-5814AEC61644}.Release|x86.Build.0 = Release|Win32
		{1C606D0C-0D10-4481-9CDE-345B6593220C}.Debug|x64.ActiveCfg = Debug|x64
		{1C606D0C-0D10-4481-9CDE-345B6593220C}.Debug|x64.Build.0 = Debug|x64
		{1C606D0C-0D10-4481-9CDE-345B6593220C}.Debug|x86.ActiveCfg = Debug|Win32
		{1C606D0C-0D10-4481-9CDE-345B6593220C}.Debug|x86.Build.0 = Debug|Win32
		{1C606D0C-0D10-4481-9CDE-345B6593220C}.Release|x64.ActiveCfg = Release|x64
		{1C606D0C-0D10-4481-9CDE-345B6593220C}.Release|x64.Build.0 = Release|x64
		{1C606D0C-0D10-4481-9CDE-345B6593220C}.Release|x86.ActiveCfg = Release|Win32
		{1C606D0C-0D10-4481-9CDE-345B6593220C}.Release|x86.Build.0 = Release|Win32
		{FF65BF2B-8BC4-4693-86C0-342B6CE182A1}.Debug|x64.ActiveCfg = Debug|x64
		{FF65BF2B-8BC4-4693-86C0-342B6CE182A1}.Debug|x64.Build.0 = Debug|x64
		{FF65BF2B-8BC4-4693-86C0-342B6CE182A1}.Debug|x86.ActiveCfg = Debug|Win32
		{FF65BF2B-8BC4-4693-86C0-342B6CE182A1}.Debug|x86.Build.0 = Debug|Win32
		{FF65BF2B-8BC4-4693-86C0-342B6CE182A1}.Release|x64.ActiveCfg = Release|x64
		{FF65BF2B-8BC4-4693-86C0-342B6CE182A1}.Release|x64.Build.0 = Release|x64
		{FF65BF2B-8BC4-4693-86C0-342B6CE182A1}.Release|x86.ActiveCfg = Release|Win32
		{FF65BF2B-8BC4-4693-86C0-342B6CE182A1}.Release|x86.Build.0 = Release|Win32
		{F9258B6D-7414-4E11-A85D-BA389B2E3496}.Debug|x64.ActiveCfg = Debug|x64
		{F9258B6D-7414-4E11-A85D-BA389B2E3496}.Debug|x64.Build.0 = Debug|x64
		{F9258B6D-7414-4E11-A85D-BA389B2E3496}.Debug|x86.ActiveCfg = Debug|Win32
		{F9258B6D-7414-4E11-A85D-BA389B2E3496}.Debug|x86.Build.0 = Debug|Win32
		{F9258B6D-7414-4E11-A85D-BA389B2E3496}.Release|x64.ActiveCfg = Release|x64
		{F9258B6D-7414-4E11-A85D-BA389B2E3496}.Release|x64.Build.0 = Release|x64
		{F9258B6D-7414-4E11-A85D-BA389B2E3496}.Release|x86.ActiveCfg = Release|Win32
		{F9258B6D-7414-4E11-A85D-BA389B2E3496}.Release|x86.Build.0 = Release|Win32
		{50524CD4-1975-4EE7-B1BD-AA90367D8DC6}.Debug|x64.ActiveCfg = Debug|x64
		{50524CD4-1975-4EE7-B1BD-AA90367D8DC6}.Debug|x64.Build.0 = Debug|x64
		{50524CD4-1975-4EE7-B1BD-AA90367D8DC6}.Debug|x86.ActiveCfg = Debug|Win32
		{50524CD4-1975-4EE7-B1BD-AA90367D8DC6}.Debug|x86.Build.0 = Debug|Win32
		{50524CD4-1975-4EE7-B1BD-AA90367D8DC6}.Release|x64.ActiveCfg = Release|x64
		{50524CD4-1975-4EE7-B1BD-AA90367D8DC6}.Release|x64.Build.0 = Release|x64
		{50524CD4-1975-4EE7-B1BD-AA90367D8DC6}.Release|x86.ActiveCfg = Release|Win32
		{50524CD4-1975-4EE7-B1BD-AA90367D8DC6}.Release|x86.Build.0 = Release|Win32
	EndGlobalSection
	GlobalSection(SolutionProperties) = preSolution
		HideSolutionNode = FALSE
	EndGlobalSection
	GlobalSection(NestedProjects) = preSolution
		{1A82BAF2-F834-458B-BC6A-2D87D27CECB0} = {1A62446F-9A99-4669-AC58-7AF490556B0F}
		{0D4D067E-8D48-4336-94C4-5814AEC61644} = {267EE9EA-32F2-4AE9-AF13-AF5A33CAE453}
		{1C606D0C-0D10-4481-9CDE-345B6593220C} = {DB82AE7B-7871-4673-9828-DBF84B17564E}
		{FF65BF2B-8BC4-4693-86C0-342B6CE182A1} = {5A8BE310-F2B4-4FFD-8596-B419CD90A5AC}
		{F9258B6D-7414-4E11-A85D-BA389B2E3496} = {5A8BE310-F2B4-4FFD-8596-B419CD90A5AC}
		{50524CD4-1975-4EE7-B1BD-AA90367D8DC6} = {26A7F9F6-AC34-4C94-91F1-FAF5BE606514}
	EndGlobalSection
	GlobalSection(ExtensibilityGlobals) = postSolution
		SolutionGuid = {F014E72B-CF6F-4B5C-86CF-7B6CFEE27617}
	EndGlobalSection
EndGlobal
